
Microsoft Visual Studio Solution File, Format Version 11.00
# Visual Studio 2010
Project("{FAE04EC0-301F-11D3-BF4B-00C04F79EFBC}") = "Assembly-CSharp", "Assembly-CSharp.csproj", "{7111AC84-A0BE-CF0B-5D24-59C76756791B}"
EndProject
Project("{FAE04EC0-301F-11D3-BF4B-00C04F79EFBC}") = "Assembly-CSharp-firstpass", "Assembly-CSharp-firstpass.csproj", "{E313D19F-D317-F19F-89E4-44B6BF65E91A}"
EndProject
Project("{FAE04EC0-301F-11D3-BF4B-00C04F79EFBC}") = "Assembly-CSharp-Editor", "Assembly-CSharp-Editor.csproj", "{B72CA812-39E9-E630-F8EF-3132DAC15D6E}"
EndProject
Project("{FAE04EC0-301F-11D3-BF4B-00C04F79EFBC}") = "Assembly-CSharp-Editor-firstpass", "Assembly-CSharp-Editor-firstpass.csproj", "{3DD35BB5-4CBE-BEEA-58A9-D6864E644572}"
EndProject
Global
	GlobalSection(SolutionConfigurationPlatforms) = preSolution
		Debug|Any CPU = Debug|Any CPU
		Release|Any CPU = Release|Any CPU
	EndGlobalSection
	GlobalSection(ProjectConfigurationPlatforms) = postSolution
		{7111AC84-A0BE-CF0B-5D24-59C76756791B}.Debug|Any CPU.ActiveCfg = Debug|Any CPU
		{7111AC84-A0BE-CF0B-5D24-59C76756791B}.Debug|Any CPU.Build.0 = Debug|Any CPU
		{7111AC84-A0BE-CF0B-5D24-59C76756791B}.Release|Any CPU.ActiveCfg = Release|Any CPU
		{7111AC84-A0BE-CF0B-5D24-59C76756791B}.Release|Any CPU.Build.0 = Release|Any CPU
		{E313D19F-D317-F19F-89E4-44B6BF65E91A}.Debug|Any CPU.ActiveCfg = Debug|Any CPU
		{E313D19F-D317-F19F-89E4-44B6BF65E91A}.Debug|Any CPU.Build.0 = Debug|Any CPU
		{E313D19F-D317-F19F-89E4-44B6BF65E91A}.Release|Any CPU.ActiveCfg = Release|Any CPU
		{E313D19F-D317-F19F-89E4-44B6BF65E91A}.Release|Any CPU.Build.0 = Release|Any CPU
		{B72CA812-39E9-E630-F8EF-3132DAC15D6E}.Debug|Any CPU.ActiveCfg = Debug|Any CPU
		{B72CA812-39E9-E630-F8EF-3132DAC15D6E}.Debug|Any CPU.Build.0 = Debug|Any CPU
		{B72CA812-39E9-E630-F8EF-3132DAC15D6E}.Release|Any CPU.ActiveCfg = Release|Any CPU
		{B72CA812-39E9-E630-F8EF-3132DAC15D6E}.Release|Any CPU.Build.0 = Release|Any CPU
		{3DD35BB5-4CBE-BEEA-58A9-D6864E644572}.Debug|Any CPU.ActiveCfg = Debug|Any CPU
		{3DD35BB5-4CBE-BEEA-58A9-D6864E644572}.Debug|Any CPU.Build.0 = Debug|Any CPU
		{3DD35BB5-4CBE-BEEA-58A9-D6864E644572}.Release|Any CPU.ActiveCfg = Release|Any CPU
		{3DD35BB5-4CBE-BEEA-58A9-D6864E644572}.Release|Any CPU.Build.0 = Release|Any CPU
	EndGlobalSection
	GlobalSection(SolutionProperties) = preSolution
		HideSolutionNode = FALSE
	EndGlobalSection
EndGlobal
